
Microsoft Visual Studio Solution File, Format Version 12.00
# Visual Studio Version 17
VisualStudioVersion = 17.13.35931.197 d17.13
MinimumVisualStudioVersion = 10.0.40219.1
Project("{FAE04EC0-301F-11D3-BF4B-00C04F79EFBC}") = "Business", "Bussiness\Business.csproj", "{6714217D-8E01-4810-B1B8-D7A6F159CA43}"
EndProject
Project("{FAE04EC0-301F-11D3-BF4B-00C04F79EFBC}") = "Infrastructure", "Infrastructure\Infrastructure.csproj", "{3227C066-3B37-49D1-B1DF-3248EFD824AB}"
EndProject
Project("{FAE04EC0-301F-11D3-BF4B-00C04F79EFBC}") = "Presentation", "Presentation\Presentation.csproj", "{AE61C312-312E-417D-B700-BA724190E03B}"
EndProject
Global
	GlobalSection(SolutionConfigurationPlatforms) = preSolution
		Debug|Any CPU = Debug|Any CPU
		Release|Any CPU = Release|Any CPU
	EndGlobalSection
	GlobalSection(ProjectConfigurationPlatforms) = postSolution
		{6714217D-8E01-4810-B1B8-D7A6F159CA43}.Debug|Any CPU.ActiveCfg = Debug|Any CPU
		{6714217D-8E01-4810-B1B8-D7A6F159CA43}.Debug|Any CPU.Build.0 = Debug|Any CPU
		{6714217D-8E01-4810-B1B8-D7A6F159CA43}.Release|Any CPU.ActiveCfg = Release|Any CPU
		{6714217D-8E01-4810-B1B8-D7A6F159CA43}.Release|Any CPU.Build.0 = Release|Any CPU
		{3227C066-3B37-49D1-B1DF-3248EFD824AB}.Debug|Any CPU.ActiveCfg = Debug|Any CPU
		{3227C066-3B37-49D1-B1DF-3248EFD824AB}.Debug|Any CPU.Build.0 = Debug|Any CPU
		{3227C066-3B37-49D1-B1DF-3248EFD824AB}.Release|Any CPU.ActiveCfg = Release|Any CPU
		{3227C066-3B37-49D1-B1DF-3248EFD824AB}.Release|Any CPU.Build.0 = Release|Any CPU
		{AE61C312-312E-417D-B700-BA724190E03B}.Debug|Any CPU.ActiveCfg = Debug|Any CPU
		{AE61C312-312E-417D-B700-BA724190E03B}.Debug|Any CPU.Build.0 = Debug|Any CPU
		{AE61C312-312E-417D-B700-BA724190E03B}.Release|Any CPU.ActiveCfg = Release|Any CPU
		{AE61C312-312E-417D-B700-BA724190E03B}.Release|Any CPU.Build.0 = Release|Any CPU
	EndGlobalSection
	GlobalSection(SolutionProperties) = preSolution
		HideSolutionNode = FALSE
	EndGlobalSection
	GlobalSection(ExtensibilityGlobals) = postSolution
		SolutionGuid = {DB29F130-791E-4E3F-B1F2-DB9A3070751C}
	EndGlobalSection
EndGlobal
